
Microsoft Visual Studio Solution File, Format Version 12.00
# Visual Studio Version 17
VisualStudioVersion = 17.4.33110.190
MinimumVisualStudioVersion = 10.0.40219.1
Project("{FAE04EC0-301F-11D3-BF4B-00C04F79EFBC}") = "FirstAngularApps", "FirstAngularApps\FirstAngularApps.csproj", "{2C439E72-9668-4552-B636-002A6831EDDE}"
EndProject
Global
	GlobalSection(SolutionConfigurationPlatforms) = preSolution
		Debug|Any CPU = Debug|Any CPU
		Release|Any CPU = Release|Any CPU
	EndGlobalSection
	GlobalSection(ProjectConfigurationPlatforms) = postSolution
		{2C439E72-9668-4552-B636-002A6831EDDE}.Debug|Any CPU.ActiveCfg = Debug|Any CPU
		{2C439E72-9668-4552-B636-002A6831EDDE}.Debug|Any CPU.Build.0 = Debug|Any CPU
		{2C439E72-9668-4552-B636-002A6831EDDE}.Release|Any CPU.ActiveCfg = Release|Any CPU
		{2C439E72-9668-4552-B636-002A6831EDDE}.Release|Any CPU.Build.0 = Release|Any CPU
	EndGlobalSection
	GlobalSection(SolutionProperties) = preSolution
		HideSolutionNode = FALSE
	EndGlobalSection
	GlobalSection(ExtensibilityGlobals) = postSolution
		SolutionGuid = {47D9D44B-1FEB-4366-B40D-F2D1A8E14397}
	EndGlobalSection
EndGlobal
